
Microsoft Visual Studio Solution File, Format Version 12.00
# Visual Studio 15
VisualStudioVersion = 15.0.26124.0
MinimumVisualStudioVersion = 15.0.26124.0
Project("{FAE04EC0-301F-11D3-BF4B-00C04F79EFBC}") = "AtomicSend", "AtomicSend\AtomicSend.csproj", "{0524C8BE-9B27-499C-B857-DB899D7BFC2E}"
EndProject
Project("{FAE04EC0-301F-11D3-BF4B-00C04F79EFBC}") = "Batching", "Batching\Batching.csproj", "{E41E5473-B06C-46DA-BD57-F4B1F3C4A5B5}"
EndProject
Project("{FAE04EC0-301F-11D3-BF4B-00C04F79EFBC}") = "Connections", "Connections\Connections.csproj", "{5EDEF962-30B4-4F21-9129-19AADC3B6810}"
EndProject
Project("{FAE04EC0-301F-11D3-BF4B-00C04F79EFBC}") = "Deadlettering", "Deadlettering\Deadlettering.csproj", "{F8E7AC31-9408-4EB0-ADBF-2A513316C16B}"
EndProject
Project("{FAE04EC0-301F-11D3-BF4B-00C04F79EFBC}") = "Dedup", "Dedup\Dedup.csproj", "{3FDC781D-CF14-477C-B5AB-C20E87506DE2}"
EndProject
Project("{FAE04EC0-301F-11D3-BF4B-00C04F79EFBC}") = "Expiry", "Expiry\Expiry.csproj", "{31C28910-5020-4D35-9761-350BF8AEFD1D}"
EndProject
Project("{FAE04EC0-301F-11D3-BF4B-00C04F79EFBC}") = "Forwarding", "Forwarding\Forwarding.csproj", "{23477BE2-D8AF-43F6-ACFC-9DDA2003B8FA}"
EndProject
Project("{FAE04EC0-301F-11D3-BF4B-00C04F79EFBC}") = "Plugin", "Plugin\Plugin.csproj", "{F5AF0200-F471-4423-A455-A2273B8001F9}"
EndProject
Project("{FAE04EC0-301F-11D3-BF4B-00C04F79EFBC}") = "Pubsub", "Pubsub\Pubsub.csproj", "{AAAD12AB-7EF6-45AC-9536-4F350B273D01}"
EndProject
Project("{FAE04EC0-301F-11D3-BF4B-00C04F79EFBC}") = "Receive", "Receive\Receive.csproj", "{F4CECB03-7DD7-4105-9829-975ADE568B7F}"
EndProject
Project("{FAE04EC0-301F-11D3-BF4B-00C04F79EFBC}") = "Scheduling", "Scheduling\Scheduling.csproj", "{2802FE9E-6A12-4579-97A7-865AE4BC214D}"
EndProject
Project("{FAE04EC0-301F-11D3-BF4B-00C04F79EFBC}") = "Send", "Send\Send.csproj", "{60B6F77E-DAA5-493F-A57E-EB44D4A06311}"
EndProject
Project("{FAE04EC0-301F-11D3-BF4B-00C04F79EFBC}") = "SendVia", "SendVia\SendVia.csproj", "{1B59B07A-C51D-4878-942F-B021AC58A506}"
EndProject
Project("{FAE04EC0-301F-11D3-BF4B-00C04F79EFBC}") = "Session", "Session\Session.csproj", "{6E3F8FCF-F421-4AC6-AEE9-5903F228CC10}"
EndProject
Project("{FAE04EC0-301F-11D3-BF4B-00C04F79EFBC}") = "Topologies", "Topologies\Topologies.csproj", "{572CE1F0-98AF-4D3B-A3FE-8A21A3B045F1}"
EndProject
Project("{FAE04EC0-301F-11D3-BF4B-00C04F79EFBC}") = "TransferDLQ", "TransferDLQ\TransferDLQ.csproj", "{F022E8C2-7A04-4CBD-91B5-0DCC6DA10E5E}"
EndProject
Global
	GlobalSection(SolutionConfigurationPlatforms) = preSolution
		Debug|Any CPU = Debug|Any CPU
		Debug|x64 = Debug|x64
		Debug|x86 = Debug|x86
		Release|Any CPU = Release|Any CPU
		Release|x64 = Release|x64
		Release|x86 = Release|x86
	EndGlobalSection
	GlobalSection(SolutionProperties) = preSolution
		HideSolutionNode = FALSE
	EndGlobalSection
	GlobalSection(ProjectConfigurationPlatforms) = postSolution
		{0524C8BE-9B27-499C-B857-DB899D7BFC2E}.Debug|Any CPU.ActiveCfg = Debug|Any CPU
		{0524C8BE-9B27-499C-B857-DB899D7BFC2E}.Debug|Any CPU.Build.0 = Debug|Any CPU
		{0524C8BE-9B27-499C-B857-DB899D7BFC2E}.Debug|x64.ActiveCfg = Debug|Any CPU
		{0524C8BE-9B27-499C-B857-DB899D7BFC2E}.Debug|x64.Build.0 = Debug|Any CPU
		{0524C8BE-9B27-499C-B857-DB899D7BFC2E}.Debug|x86.ActiveCfg = Debug|Any CPU
		{0524C8BE-9B27-499C-B857-DB899D7BFC2E}.Debug|x86.Build.0 = Debug|Any CPU
		{0524C8BE-9B27-499C-B857-DB899D7BFC2E}.Release|Any CPU.ActiveCfg = Release|Any CPU
		{0524C8BE-9B27-499C-B857-DB899D7BFC2E}.Release|Any CPU.Build.0 = Release|Any CPU
		{0524C8BE-9B27-499C-B857-DB899D7BFC2E}.Release|x64.ActiveCfg = Release|Any CPU
		{0524C8BE-9B27-499C-B857-DB899D7BFC2E}.Release|x64.Build.0 = Release|Any CPU
		{0524C8BE-9B27-499C-B857-DB899D7BFC2E}.Release|x86.ActiveCfg = Release|Any CPU
		{0524C8BE-9B27-499C-B857-DB899D7BFC2E}.Release|x86.Build.0 = Release|Any CPU
		{E41E5473-B06C-46DA-BD57-F4B1F3C4A5B5}.Debug|Any CPU.ActiveCfg = Debug|Any CPU
		{E41E5473-B06C-46DA-BD57-F4B1F3C4A5B5}.Debug|Any CPU.Build.0 = Debug|Any CPU
		{E41E5473-B06C-46DA-BD57-F4B1F3C4A5B5}.Debug|x64.ActiveCfg = Debug|Any CPU
		{E41E5473-B06C-46DA-BD57-F4B1F3C4A5B5}.Debug|x64.Build.0 = Debug|Any CPU
		{E41E5473-B06C-46DA-BD57-F4B1F3C4A5B5}.Debug|x86.ActiveCfg = Debug|Any CPU
		{E41E5473-B06C-46DA-BD57-F4B1F3C4A5B5}.Debug|x86.Build.0 = Debug|Any CPU
		{E41E5473-B06C-46DA-BD57-F4B1F3C4A5B5}.Release|Any CPU.ActiveCfg = Release|Any CPU
		{E41E5473-B06C-46DA-BD57-F4B1F3C4A5B5}.Release|Any CPU.Build.0 = Release|Any CPU
		{E41E5473-B06C-46DA-BD57-F4B1F3C4A5B5}.Release|x64.ActiveCfg = Release|Any CPU
		{E41E5473-B06C-46DA-BD57-F4B1F3C4A5B5}.Release|x64.Build.0 = Release|Any CPU
		{E41E5473-B06C-46DA-BD57-F4B1F3C4A5B5}.Release|x86.ActiveCfg = Release|Any CPU
		{E41E5473-B06C-46DA-BD57-F4B1F3C4A5B5}.Release|x86.Build.0 = Release|Any CPU
		{5EDEF962-30B4-4F21-9129-19AADC3B6810}.Debug|Any CPU.ActiveCfg = Debug|Any CPU
		{5EDEF962-30B4-4F21-9129-19AADC3B6810}.Debug|Any CPU.Build.0 = Debug|Any CPU
		{5EDEF962-30B4-4F21-9129-19AADC3B6810}.Debug|x64.ActiveCfg = Debug|Any CPU
		{5EDEF962-30B4-4F21-9129-19AADC3B6810}.Debug|x64.Build.0 = Debug|Any CPU
		{5EDEF962-30B4-4F21-9129-19AADC3B6810}.Debug|x86.ActiveCfg = Debug|Any CPU
		{5EDEF962-30B4-4F21-9129-19AADC3B6810}.Debug|x86.Build.0 = Debug|Any CPU
		{5EDEF962-30B4-4F21-9129-19AADC3B6810}.Release|Any CPU.ActiveCfg = Release|Any CPU
		{5EDEF962-30B4-4F21-9129-19AADC3B6810}.Release|Any CPU.Build.0 = Release|Any CPU
		{5EDEF962-30B4-4F21-9129-19AADC3B6810}.Release|x64.ActiveCfg = Release|Any CPU
		{5EDEF962-30B4-4F21-9129-19AADC3B6810}.Release|x64.Build.0 = Release|Any CPU
		{5EDEF962-30B4-4F21-9129-19AADC3B6810}.Release|x86.ActiveCfg = Release|Any CPU
		{5EDEF962-30B4-4F21-9129-19AADC3B6810}.Release|x86.Build.0 = Release|Any CPU
		{F8E7AC31-9408-4EB0-ADBF-2A513316C16B}.Debug|Any CPU.ActiveCfg = Debug|Any CPU
		{F8E7AC31-9408-4EB0-ADBF-2A513316C16B}.Debug|Any CPU.Build.0 = Debug|Any CPU
		{F8E7AC31-9408-4EB0-ADBF-2A513316C16B}.Debug|x64.ActiveCfg = Debug|Any CPU
		{F8E7AC31-9408-4EB0-ADBF-2A513316C16B}.Debug|x64.Build.0 = Debug|Any CPU
		{F8E7AC31-9408-4EB0-ADBF-2A513316C16B}.Debug|x86.ActiveCfg = Debug|Any CPU
		{F8E7AC31-9408-4EB0-ADBF-2A513316C16B}.Debug|x86.Build.0 = Debug|Any CPU
		{F8E7AC31-9408-4EB0-ADBF-2A513316C16B}.Release|Any CPU.ActiveCfg = Release|Any CPU
		{F8E7AC31-9408-4EB0-ADBF-2A513316C16B}.Release|Any CPU.Build.0 = Release|Any CPU
		{F8E7AC31-9408-4EB0-ADBF-2A513316C16B}.Release|x64.ActiveCfg = Release|Any CPU
		{F8E7AC31-9408-4EB0-ADBF-2A513316C16B}.Release|x64.Build.0 = Release|Any CPU
		{F8E7AC31-9408-4EB0-ADBF-2A513316C16B}.Release|x86.ActiveCfg = Release|Any CPU
		{F8E7AC31-9408-4EB0-ADBF-2A513316C16B}.Release|x86.Build.0 = Release|Any CPU
		{3FDC781D-CF14-477C-B5AB-C20E87506DE2}.Debug|Any CPU.ActiveCfg = Debug|Any CPU
		{3FDC781D-CF14-477C-B5AB-C20E87506DE2}.Debug|Any CPU.Build.0 = Debug|Any CPU
		{3FDC781D-CF14-477C-B5AB-C20E87506DE2}.Debug|x64.ActiveCfg = Debug|Any CPU
		{3FDC781D-CF14-477C-B5AB-C20E87506DE2}.Debug|x64.Build.0 = Debug|Any CPU
		{3FDC781D-CF14-477C-B5AB-C20E87506DE2}.Debug|x86.ActiveCfg = Debug|Any CPU
		{3FDC781D-CF14-477C-B5AB-C20E87506DE2}.Debug|x86.Build.0 = Debug|Any CPU
		{3FDC781D-CF14-477C-B5AB-C20E87506DE2}.Release|Any CPU.ActiveCfg = Release|Any CPU
		{3FDC781D-CF14-477C-B5AB-C20E87506DE2}.Release|Any CPU.Build.0 = Release|Any CPU
		{3FDC781D-CF14-477C-B5AB-C20E87506DE2}.Release|x64.ActiveCfg = Release|Any CPU
		{3FDC781D-CF14-477C-B5AB-C20E87506DE2}.Release|x64.Build.0 = Release|Any CPU
		{3FDC781D-CF14-477C-B5AB-C20E87506DE2}.Release|x86.ActiveCfg = Release|Any CPU
		{3FDC781D-CF14-477C-B5AB-C20E87506DE2}.Release|x86.Build.0 = Release|Any CPU
		{31C28910-5020-4D35-9761-350BF8AEFD1D}.Debug|Any CPU.ActiveCfg = Debug|Any CPU
		{31C28910-5020-4D35-9761-350BF8AEFD1D}.Debug|Any CPU.Build.0 = Debug|Any CPU
		{31C28910-5020-4D35-9761-350BF8AEFD1D}.Debug|x64.ActiveCfg = Debug|Any CPU
		{31C28910-5020-4D35-9761-350BF8AEFD1D}.Debug|x64.Build.0 = Debug|Any CPU
		{31C28910-5020-4D35-9761-350BF8AEFD1D}.Debug|x86.ActiveCfg = Debug|Any CPU
		{31C28910-5020-4D35-9761-350BF8AEFD1D}.Debug|x86.Build.0 = Debug|Any CPU
		{31C28910-5020-4D35-9761-350BF8AEFD1D}.Release|Any CPU.ActiveCfg = Release|Any CPU
		{31C28910-5020-4D35-9761-350BF8AEFD1D}.Release|Any CPU.Build.0 = Release|Any CPU
		{31C28910-5020-4D35-9761-350BF8AEFD1D}.Release|x64.ActiveCfg = Release|Any CPU
		{31C28910-5020-4D35-9761-350BF8AEFD1D}.Release|x64.Build.0 = Release|Any CPU
		{31C28910-5020-4D35-9761-350BF8AEFD1D}.Release|x86.ActiveCfg = Release|Any CPU
		{31C28910-5020-4D35-9761-350BF8AEFD1D}.Release|x86.Build.0 = Release|Any CPU
		{23477BE2-D8AF-43F6-ACFC-9DDA2003B8FA}.Debug|Any CPU.ActiveCfg = Debug|Any CPU
		{23477BE2-D8AF-43F6-ACFC-9DDA2003B8FA}.Debug|Any CPU.Build.0 = Debug|Any CPU
		{23477BE2-D8AF-43F6-ACFC-9DDA2003B8FA}.Debug|x64.ActiveCfg = Debug|Any CPU
		{23477BE2-D8AF-43F6-ACFC-9DDA2003B8FA}.Debug|x64.Build.0 = Debug|Any CPU
		{23477BE2-D8AF-43F6-ACFC-9DDA2003B8FA}.Debug|x86.ActiveCfg = Debug|Any CPU
		{23477BE2-D8AF-43F6-ACFC-9DDA2003B8FA}.Debug|x86.Build.0 = Debug|Any CPU
		{23477BE2-D8AF-43F6-ACFC-9DDA2003B8FA}.Release|Any CPU.ActiveCfg = Release|Any CPU
		{23477BE2-D8AF-43F6-ACFC-9DDA2003B8FA}.Release|Any CPU.Build.0 = Release|Any CPU
		{23477BE2-D8AF-43F6-ACFC-9DDA2003B8FA}.Release|x64.ActiveCfg = Release|Any CPU
		{23477BE2-D8AF-43F6-ACFC-9DDA2003B8FA}.Release|x64.Build.0 = Release|Any CPU
		{23477BE2-D8AF-43F6-ACFC-9DDA2003B8FA}.Release|x86.ActiveCfg = Release|Any CPU
		{23477BE2-D8AF-43F6-ACFC-9DDA2003B8FA}.Release|x86.Build.0 = Release|Any CPU
		{F5AF0200-F471-4423-A455-A2273B8001F9}.Debug|Any CPU.ActiveCfg = Debug|Any CPU
		{F5AF0200-F471-4423-A455-A2273B8001F9}.Debug|Any CPU.Build.0 = Debug|Any CPU
		{F5AF0200-F471-4423-A455-A2273B8001F9}.Debug|x64.ActiveCfg = Debug|Any CPU
		{F5AF0200-F471-4423-A455-A2273B8001F9}.Debug|x64.Build.0 = Debug|Any CPU
		{F5AF0200-F471-4423-A455-A2273B8001F9}.Debug|x86.ActiveCfg = Debug|Any CPU
		{F5AF0200-F471-4423-A455-A2273B8001F9}.Debug|x86.Build.0 = Debug|Any CPU
		{F5AF0200-F471-4423-A455-A2273B8001F9}.Release|Any CPU.ActiveCfg = Release|Any CPU
		{F5AF0200-F471-4423-A455-A2273B8001F9}.Release|Any CPU.Build.0 = Release|Any CPU
		{F5AF0200-F471-4423-A455-A2273B8001F9}.Release|x64.ActiveCfg = Release|Any CPU
		{F5AF0200-F471-4423-A455-A2273B8001F9}.Release|x64.Build.0 = Release|Any CPU
		{F5AF0200-F471-4423-A455-A2273B8001F9}.Release|x86.ActiveCfg = Release|Any CPU
		{F5AF0200-F471-4423-A455-A2273B8001F9}.Release|x86.Build.0 = Release|Any CPU
		{AAAD12AB-7EF6-45AC-9536-4F350B273D01}.Debug|Any CPU.ActiveCfg = Debug|Any CPU
		{AAAD12AB-7EF6-45AC-9536-4F350B273D01}.Debug|Any CPU.Build.0 = Debug|Any CPU
		{AAAD12AB-7EF6-45AC-9536-4F350B273D01}.Debug|x64.ActiveCfg = Debug|Any CPU
		{AAAD12AB-7EF6-45AC-9536-4F350B273D01}.Debug|x64.Build.0 = Debug|Any CPU
		{AAAD12AB-7EF6-45AC-9536-4F350B273D01}.Debug|x86.ActiveCfg = Debug|Any CPU
		{AAAD12AB-7EF6-45AC-9536-4F350B273D01}.Debug|x86.Build.0 = Debug|Any CPU
		{AAAD12AB-7EF6-45AC-9536-4F350B273D01}.Release|Any CPU.ActiveCfg = Release|Any CPU
		{AAAD12AB-7EF6-45AC-9536-4F350B273D01}.Release|Any CPU.Build.0 = Release|Any CPU
		{AAAD12AB-7EF6-45AC-9536-4F350B273D01}.Release|x64.ActiveCfg = Release|Any CPU
		{AAAD12AB-7EF6-45AC-9536-4F350B273D01}.Release|x64.Build.0 = Release|Any CPU
		{AAAD12AB-7EF6-45AC-9536-4F350B273D01}.Release|x86.ActiveCfg = Release|Any CPU
		{AAAD12AB-7EF6-45AC-9536-4F350B273D01}.Release|x86.Build.0 = Release|Any CPU
		{F4CECB03-7DD7-4105-9829-975ADE568B7F}.Debug|Any CPU.ActiveCfg = Debug|Any CPU
		{F4CECB03-7DD7-4105-9829-975ADE568B7F}.Debug|Any CPU.Build.0 = Debug|Any CPU
		{F4CECB03-7DD7-4105-9829-975ADE568B7F}.Debug|x64.ActiveCfg = Debug|Any CPU
		{F4CECB03-7DD7-4105-9829-975ADE568B7F}.Debug|x64.Build.0 = Debug|Any CPU
		{F4CECB03-7DD7-4105-9829-975ADE568B7F}.Debug|x86.ActiveCfg = Debug|Any CPU
		{F4CECB03-7DD7-4105-9829-975ADE568B7F}.Debug|x86.Build.0 = Debug|Any CPU
		{F4CECB03-7DD7-4105-9829-975ADE568B7F}.Release|Any CPU.ActiveCfg = Release|Any CPU
		{F4CECB03-7DD7-4105-9829-975ADE568B7F}.Release|Any CPU.Build.0 = Release|Any CPU
		{F4CECB03-7DD7-4105-9829-975ADE568B7F}.Release|x64.ActiveCfg = Release|Any CPU
		{F4CECB03-7DD7-4105-9829-975ADE568B7F}.Release|x64.Build.0 = Release|Any CPU
		{F4CECB03-7DD7-4105-9829-975ADE568B7F}.Release|x86.ActiveCfg = Release|Any CPU
		{F4CECB03-7DD7-4105-9829-975ADE568B7F}.Release|x86.Build.0 = Release|Any CPU
		{2802FE9E-6A12-4579-97A7-865AE4BC214D}.Debug|Any CPU.ActiveCfg = Debug|Any CPU
		{2802FE9E-6A12-4579-97A7-865AE4BC214D}.Debug|Any CPU.Build.0 = Debug|Any CPU
		{2802FE9E-6A12-4579-97A7-865AE4BC214D}.Debug|x64.ActiveCfg = Debug|Any CPU
		{2802FE9E-6A12-4579-97A7-865AE4BC214D}.Debug|x64.Build.0 = Debug|Any CPU
		{2802FE9E-6A12-4579-97A7-865AE4BC214D}.Debug|x86.ActiveCfg = Debug|Any CPU
		{2802FE9E-6A12-4579-97A7-865AE4BC214D}.Debug|x86.Build.0 = Debug|Any CPU
		{2802FE9E-6A12-4579-97A7-865AE4BC214D}.Release|Any CPU.ActiveCfg = Release|Any CPU
		{2802FE9E-6A12-4579-97A7-865AE4BC214D}.Release|Any CPU.Build.0 = Release|Any CPU
		{2802FE9E-6A12-4579-97A7-865AE4BC214D}.Release|x64.ActiveCfg = Release|Any CPU
		{2802FE9E-6A12-4579-97A7-865AE4BC214D}.Release|x64.Build.0 = Release|Any CPU
		{2802FE9E-6A12-4579-97A7-865AE4BC214D}.Release|x86.ActiveCfg = Release|Any CPU
		{2802FE9E-6A12-4579-97A7-865AE4BC214D}.Release|x86.Build.0 = Release|Any CPU
		{60B6F77E-DAA5-493F-A57E-EB44D4A06311}.Debug|Any CPU.ActiveCfg = Debug|Any CPU
		{60B6F77E-DAA5-493F-A57E-EB44D4A06311}.Debug|Any CPU.Build.0 = Debug|Any CPU
		{60B6F77E-DAA5-493F-A57E-EB44D4A06311}.Debug|x64.ActiveCfg = Debug|Any CPU
		{60B6F77E-DAA5-493F-A57E-EB44D4A06311}.Debug|x64.Build.0 = Debug|Any CPU
		{60B6F77E-DAA5-493F-A57E-EB44D4A06311}.Debug|x86.ActiveCfg = Debug|Any CPU
		{60B6F77E-DAA5-493F-A57E-EB44D4A06311}.Debug|x86.Build.0 = Debug|Any CPU
		{60B6F77E-DAA5-493F-A57E-EB44D4A06311}.Release|Any CPU.ActiveCfg = Release|Any CPU
		{60B6F77E-DAA5-493F-A57E-EB44D4A06311}.Release|Any CPU.Build.0 = Release|Any CPU
		{60B6F77E-DAA5-493F-A57E-EB44D4A06311}.Release|x64.ActiveCfg = Release|Any CPU
		{60B6F77E-DAA5-493F-A57E-EB44D4A06311}.Release|x64.Build.0 = Release|Any CPU
		{60B6F77E-DAA5-493F-A57E-EB44D4A06311}.Release|x86.ActiveCfg = Release|Any CPU
		{60B6F77E-DAA5-493F-A57E-EB44D4A06311}.Release|x86.Build.0 = Release|Any CPU
		{1B59B07A-C51D-4878-942F-B021AC58A506}.Debug|Any CPU.ActiveCfg = Debug|Any CPU
		{1B59B07A-C51D-4878-942F-B021AC58A506}.Debug|Any CPU.Build.0 = Debug|Any CPU
		{1B59B07A-C51D-4878-942F-B021AC58A506}.Debug|x64.ActiveCfg = Debug|Any CPU
		{1B59B07A-C51D-4878-942F-B021AC58A506}.Debug|x64.Build.0 = Debug|Any CPU
		{1B59B07A-C51D-4878-942F-B021AC58A506}.Debug|x86.ActiveCfg = Debug|Any CPU
		{1B59B07A-C51D-4878-942F-B021AC58A506}.Debug|x86.Build.0 = Debug|Any CPU
		{1B59B07A-C51D-4878-942F-B021AC58A506}.Release|Any CPU.ActiveCfg = Release|Any CPU
		{1B59B07A-C51D-4878-942F-B021AC58A506}.Release|Any CPU.Build.0 = Release|Any CPU
		{1B59B07A-C51D-4878-942F-B021AC58A506}.Release|x64.ActiveCfg = Release|Any CPU
		{1B59B07A-C51D-4878-942F-B021AC58A506}.Release|x64.Build.0 = Release|Any CPU
		{1B59B07A-C51D-4878-942F-B021AC58A506}.Release|x86.ActiveCfg = Release|Any CPU
		{1B59B07A-C51D-4878-942F-B021AC58A506}.Release|x86.Build.0 = Release|Any CPU
		{6E3F8FCF-F421-4AC6-AEE9-5903F228CC10}.Debug|Any CPU.ActiveCfg = Debug|Any CPU
		{6E3F8FCF-F421-4AC6-AEE9-5903F228CC10}.Debug|Any CPU.Build.0 = Debug|Any CPU
		{6E3F8FCF-F421-4AC6-AEE9-5903F228CC10}.Debug|x64.ActiveCfg = Debug|Any CPU
		{6E3F8FCF-F421-4AC6-AEE9-5903F228CC10}.Debug|x64.Build.0 = Debug|Any CPU
		{6E3F8FCF-F421-4AC6-AEE9-5903F228CC10}.Debug|x86.ActiveCfg = Debug|Any CPU
		{6E3F8FCF-F421-4AC6-AEE9-5903F228CC10}.Debug|x86.Build.0 = Debug|Any CPU
		{6E3F8FCF-F421-4AC6-AEE9-5903F228CC10}.Release|Any CPU.ActiveCfg = Release|Any CPU
		{6E3F8FCF-F421-4AC6-AEE9-5903F228CC10}.Release|Any CPU.Build.0 = Release|Any CPU
		{6E3F8FCF-F421-4AC6-AEE9-5903F228CC10}.Release|x64.ActiveCfg = Release|Any CPU
		{6E3F8FCF-F421-4AC6-AEE9-5903F228CC10}.Release|x64.Build.0 = Release|Any CPU
		{6E3F8FCF-F421-4AC6-AEE9-5903F228CC10}.Release|x86.ActiveCfg = Release|Any CPU
		{6E3F8FCF-F421-4AC6-AEE9-5903F228CC10}.Release|x86.Build.0 = Release|Any CPU
		{572CE1F0-98AF-4D3B-A3FE-8A21A3B045F1}.Debug|Any CPU.ActiveCfg = Debug|Any CPU
		{572CE1F0-98AF-4D3B-A3FE-8A21A3B045F1}.Debug|Any CPU.Build.0 = Debug|Any CPU
		{572CE1F0-98AF-4D3B-A3FE-8A21A3B045F1}.Debug|x64.ActiveCfg = Debug|Any CPU
		{572CE1F0-98AF-4D3B-A3FE-8A21A3B045F1}.Debug|x64.Build.0 = Debug|Any CPU
		{572CE1F0-98AF-4D3B-A3FE-8A21A3B045F1}.Debug|x86.ActiveCfg = Debug|Any CPU
		{572CE1F0-98AF-4D3B-A3FE-8A21A3B045F1}.Debug|x86.Build.0 = Debug|Any CPU
		{572CE1F0-98AF-4D3B-A3FE-8A21A3B045F1}.Release|Any CPU.ActiveCfg = Release|Any CPU
		{572CE1F0-98AF-4D3B-A3FE-8A21A3B045F1}.Release|Any CPU.Build.0 = Release|Any CPU
		{572CE1F0-98AF-4D3B-A3FE-8A21A3B045F1}.Release|x64.ActiveCfg = Release|Any CPU
		{572CE1F0-98AF-4D3B-A3FE-8A21A3B045F1}.Release|x64.Build.0 = Release|Any CPU
		{572CE1F0-98AF-4D3B-A3FE-8A21A3B045F1}.Release|x86.ActiveCfg = Release|Any CPU
		{572CE1F0-98AF-4D3B-A3FE-8A21A3B045F1}.Release|x86.Build.0 = Release|Any CPU
		{F022E8C2-7A04-4CBD-91B5-0DCC6DA10E5E}.Debug|Any CPU.ActiveCfg = Debug|Any CPU
		{F022E8C2-7A04-4CBD-91B5-0DCC6DA10E5E}.Debug|Any CPU.Build.0 = Debug|Any CPU
		{F022E8C2-7A04-4CBD-91B5-0DCC6DA10E5E}.Debug|x64.ActiveCfg = Debug|Any CPU
		{F022E8C2-7A04-4CBD-91B5-0DCC6DA10E5E}.Debug|x64.Build.0 = Debug|Any CPU
		{F022E8C2-7A04-4CBD-91B5-0DCC6DA10E5E}.Debug|x86.ActiveCfg = Debug|Any CPU
		{F022E8C2-7A04-4CBD-91B5-0DCC6DA10E5E}.Debug|x86.Build.0 = Debug|Any CPU
		{F022E8C2-7A04-4CBD-91B5-0DCC6DA10E5E}.Release|Any CPU.ActiveCfg = Release|Any CPU
		{F022E8C2-7A04-4CBD-91B5-0DCC6DA10E5E}.Release|Any CPU.Build.0 = Release|Any CPU
		{F022E8C2-7A04-4CBD-91B5-0DCC6DA10E5E}.Release|x64.ActiveCfg = Release|Any CPU
		{F022E8C2-7A04-4CBD-91B5-0DCC6DA10E5E}.Release|x64.Build.0 = Release|Any CPU
		{F022E8C2-7A04-4CBD-91B5-0DCC6DA10E5E}.Release|x86.ActiveCfg = Release|Any CPU
		{F022E8C2-7A04-4CBD-91B5-0DCC6DA10E5E}.Release|x86.Build.0 = Release|Any CPU
	EndGlobalSection
EndGlobal
