Microsoft Visual Studio Solution File, Format Version 12.00
# Visual Studio Version 17
VisualStudioVersion = 17.5.2.0
MinimumVisualStudioVersion = 10.0.40219.1
Project("{FAE04EC0-301F-11D3-BF4B-00C04F79EFBC}") = "SubscriptionBridge", "SubscriptionBridge.csproj", "{5BADA334-85D1-7C63-45FD-3E154539E8C8}"
EndProject
Global
	GlobalSection(SolutionConfigurationPlatforms) = preSolution
		Debug|Any CPU = Debug|Any CPU
		Release|Any CPU = Release|Any CPU
	EndGlobalSection
	GlobalSection(ProjectConfigurationPlatforms) = postSolution
		{5BADA334-85D1-7C63-45FD-3E154539E8C8}.Debug|Any CPU.ActiveCfg = Debug|Any CPU
		{5BADA334-85D1-7C63-45FD-3E154539E8C8}.Debug|Any CPU.Build.0 = Debug|Any CPU
		{5BADA334-85D1-7C63-45FD-3E154539E8C8}.Release|Any CPU.ActiveCfg = Release|Any CPU
		{5BADA334-85D1-7C63-45FD-3E154539E8C8}.Release|Any CPU.Build.0 = Release|Any CPU
	EndGlobalSection
	GlobalSection(SolutionProperties) = preSolution
		HideSolutionNode = FALSE
	EndGlobalSection
	GlobalSection(ExtensibilityGlobals) = postSolution
		SolutionGuid = {F3A1CE68-B635-40BE-B6F9-B78BAB0983BF}
	EndGlobalSection
EndGlobal
